
Microsoft Visual Studio Solution File, Format Version 12.00
# Visual Studio Version 16
VisualStudioVersion = 16.0.29519.181
MinimumVisualStudioVersion = 10.0.40219.1
Project("{FAE04EC0-301F-11D3-BF4B-00C04F79EFBC}") = "Students", "Students\Students.csproj", "{CC406762-987A-4B17-ADEB-AAF1B8BF2B84}"
EndProject
Project("{FAE04EC0-301F-11D3-BF4B-00C04F79EFBC}") = "Test", "Test\Test.csproj", "{CE5D6EC4-CA33-4FD9-AE39-15A64EB8BD67}"
EndProject
Global
	GlobalSection(SolutionConfigurationPlatforms) = preSolution
		Debug|Any CPU = Debug|Any CPU
		Release|Any CPU = Release|Any CPU
	EndGlobalSection
	GlobalSection(ProjectConfigurationPlatforms) = postSolution
		{CC406762-987A-4B17-ADEB-AAF1B8BF2B84}.Debug|Any CPU.ActiveCfg = Debug|Any CPU
		{CC406762-987A-4B17-ADEB-AAF1B8BF2B84}.Debug|Any CPU.Build.0 = Debug|Any CPU
		{CC406762-987A-4B17-ADEB-AAF1B8BF2B84}.Release|Any CPU.ActiveCfg = Release|Any CPU
		{CC406762-987A-4B17-ADEB-AAF1B8BF2B84}.Release|Any CPU.Build.0 = Release|Any CPU
		{CE5D6EC4-CA33-4FD9-AE39-15A64EB8BD67}.Debug|Any CPU.ActiveCfg = Debug|Any CPU
		{CE5D6EC4-CA33-4FD9-AE39-15A64EB8BD67}.Debug|Any CPU.Build.0 = Debug|Any CPU
		{CE5D6EC4-CA33-4FD9-AE39-15A64EB8BD67}.Release|Any CPU.ActiveCfg = Release|Any CPU
		{CE5D6EC4-CA33-4FD9-AE39-15A64EB8BD67}.Release|Any CPU.Build.0 = Release|Any CPU
	EndGlobalSection
	GlobalSection(SolutionProperties) = preSolution
		HideSolutionNode = FALSE
	EndGlobalSection
	GlobalSection(ExtensibilityGlobals) = postSolution
		SolutionGuid = {614075FD-29AE-4FAA-A1A9-6C51705F84D4}
	EndGlobalSection
EndGlobal
