
Microsoft Visual Studio Solution File, Format Version 12.00
# Visual Studio Version 16
VisualStudioVersion = 16.0.29519.181
MinimumVisualStudioVersion = 10.0.40219.1
Project("{9A19103F-16F7-4668-BE54-9A1E7A4F7556}") = "Students", "Students\Students.csproj", "{CC406762-987A-4B17-ADEB-AAF1B8BF2B84}"
EndProject
Project("{9A19103F-16F7-4668-BE54-9A1E7A4F7556}") = "Test", "Test\Test.csproj", "{CE5D6EC4-CA33-4FD9-AE39-15A64EB8BD67}"
EndProject
Project("{9A19103F-16F7-4668-BE54-9A1E7A4F7556}") = "ORM", "ORM\ORM.csproj", "{E35EB92C-FF78-4EA9-AF8D-9E8FDF2CBB7C}"
EndProject
Project("{00D1A9C2-B5F0-4AF3-8072-F6C62B433612}") = "StudentsDb", "StudentsDb\StudentsDb.sqlproj", "{4B39FF8B-B699-4DA0-AEE2-DF5DD2AFA7A3}"
EndProject
Global
	GlobalSection(SolutionConfigurationPlatforms) = preSolution
		Debug|Any CPU = Debug|Any CPU
		Release|Any CPU = Release|Any CPU
	EndGlobalSection
	GlobalSection(ProjectConfigurationPlatforms) = postSolution
		{CC406762-987A-4B17-ADEB-AAF1B8BF2B84}.Debug|Any CPU.ActiveCfg = Debug|Any CPU
		{CC406762-987A-4B17-ADEB-AAF1B8BF2B84}.Debug|Any CPU.Build.0 = Debug|Any CPU
		{CC406762-987A-4B17-ADEB-AAF1B8BF2B84}.Release|Any CPU.ActiveCfg = Release|Any CPU
		{CC406762-987A-4B17-ADEB-AAF1B8BF2B84}.Release|Any CPU.Build.0 = Release|Any CPU
		{CE5D6EC4-CA33-4FD9-AE39-15A64EB8BD67}.Debug|Any CPU.ActiveCfg = Debug|Any CPU
		{CE5D6EC4-CA33-4FD9-AE39-15A64EB8BD67}.Debug|Any CPU.Build.0 = Debug|Any CPU
		{CE5D6EC4-CA33-4FD9-AE39-15A64EB8BD67}.Release|Any CPU.ActiveCfg = Release|Any CPU
		{CE5D6EC4-CA33-4FD9-AE39-15A64EB8BD67}.Release|Any CPU.Build.0 = Release|Any CPU
		{E35EB92C-FF78-4EA9-AF8D-9E8FDF2CBB7C}.Debug|Any CPU.ActiveCfg = Debug|Any CPU
		{E35EB92C-FF78-4EA9-AF8D-9E8FDF2CBB7C}.Debug|Any CPU.Build.0 = Debug|Any CPU
		{E35EB92C-FF78-4EA9-AF8D-9E8FDF2CBB7C}.Release|Any CPU.ActiveCfg = Release|Any CPU
		{E35EB92C-FF78-4EA9-AF8D-9E8FDF2CBB7C}.Release|Any CPU.Build.0 = Release|Any CPU
		{4B39FF8B-B699-4DA0-AEE2-DF5DD2AFA7A3}.Debug|Any CPU.ActiveCfg = Debug|Any CPU
		{4B39FF8B-B699-4DA0-AEE2-DF5DD2AFA7A3}.Debug|Any CPU.Build.0 = Debug|Any CPU
		{4B39FF8B-B699-4DA0-AEE2-DF5DD2AFA7A3}.Debug|Any CPU.Deploy.0 = Debug|Any CPU
		{4B39FF8B-B699-4DA0-AEE2-DF5DD2AFA7A3}.Release|Any CPU.ActiveCfg = Release|Any CPU
		{4B39FF8B-B699-4DA0-AEE2-DF5DD2AFA7A3}.Release|Any CPU.Build.0 = Release|Any CPU
		{4B39FF8B-B699-4DA0-AEE2-DF5DD2AFA7A3}.Release|Any CPU.Deploy.0 = Release|Any CPU
	EndGlobalSection
	GlobalSection(SolutionProperties) = preSolution
		HideSolutionNode = FALSE
	EndGlobalSection
	GlobalSection(ExtensibilityGlobals) = postSolution
		SolutionGuid = {614075FD-29AE-4FAA-A1A9-6C51705F84D4}
	EndGlobalSection
EndGlobal
